
Microsoft Visual Studio Solution File, Format Version 12.00
# Visual Studio Version 16
VisualStudioVersion = 16.0.30611.23
MinimumVisualStudioVersion = 10.0.40219.1
Project("{FAE04EC0-301F-11D3-BF4B-00C04F79EFBC}") = "FormUI", "FormUI\FormUI.csproj", "{5717D453-139A-4315-849D-C36DE995FD00}"
EndProject
Project("{FAE04EC0-301F-11D3-BF4B-00C04F79EFBC}") = "GameLogic", "GameLogic\GameLogic.csproj", "{341F4C66-8600-4796-9BC8-A121B048790D}"
EndProject
Global
	GlobalSection(SolutionConfigurationPlatforms) = preSolution
		Debug|Any CPU = Debug|Any CPU
		Release|Any CPU = Release|Any CPU
	EndGlobalSection
	GlobalSection(ProjectConfigurationPlatforms) = postSolution
		{5717D453-139A-4315-849D-C36DE995FD00}.Debug|Any CPU.ActiveCfg = Debug|Any CPU
		{5717D453-139A-4315-849D-C36DE995FD00}.Debug|Any CPU.Build.0 = Debug|Any CPU
		{5717D453-139A-4315-849D-C36DE995FD00}.Release|Any CPU.ActiveCfg = Release|Any CPU
		{5717D453-139A-4315-849D-C36DE995FD00}.Release|Any CPU.Build.0 = Release|Any CPU
		{341F4C66-8600-4796-9BC8-A121B048790D}.Debug|Any CPU.ActiveCfg = Debug|Any CPU
		{341F4C66-8600-4796-9BC8-A121B048790D}.Debug|Any CPU.Build.0 = Debug|Any CPU
		{341F4C66-8600-4796-9BC8-A121B048790D}.Release|Any CPU.ActiveCfg = Release|Any CPU
		{341F4C66-8600-4796-9BC8-A121B048790D}.Release|Any CPU.Build.0 = Release|Any CPU
	EndGlobalSection
	GlobalSection(SolutionProperties) = preSolution
		HideSolutionNode = FALSE
	EndGlobalSection
	GlobalSection(ExtensibilityGlobals) = postSolution
		SolutionGuid = {6D45CABE-973A-4737-8956-DDE4AA727D98}
	EndGlobalSection
EndGlobal
